// !$*UTF8*$!
{
	archiveVersion = 1;
	classes = {
	};
	objectVersion = 46;
	objects = {

/* Begin PBXBuildFile section */
		F9DA51A519D54B61009FC2B6 /* main.m in Sources */ = {isa = PBXBuildFile; fileRef = F9DA51A419D54B61009FC2B6 /* main.m */; };
		F9DA51A819D54B61009FC2B6 /* AppDelegate.m in Sources */ = {isa = PBXBuildFile; fileRef = F9DA51A719D54B61009FC2B6 /* AppDelegate.m */; };
		F9DA51AB19D54B61009FC2B6 /* ViewController.m in Sources */ = {isa = PBXBuildFile; fileRef = F9DA51AA19D54B61009FC2B6 /* ViewController.m */; };
		F9DA51AE19D54B61009FC2B6 /* Main.storyboard in Resources */ = {isa = PBXBuildFile; fileRef = F9DA51AC19D54B61009FC2B6 /* Main.storyboard */; };
		F9DA51B019D54B61009FC2B6 /* Images.xcassets in Resources */ = {isa = PBXBuildFile; fileRef = F9DA51AF19D54B61009FC2B6 /* Images.xcassets */; };
		F9DA51B319D54B61009FC2B6 /* LaunchScreen.xib in Resources */ = {isa = PBXBuildFile; fileRef = F9DA51B119D54B61009FC2B6 /* LaunchScreen.xib */; };
		F9DA51BF19D54B61009FC2B6 /* Granny_VisionTests.m in Sources */ = {isa = PBXBuildFile; fileRef = F9DA51BE19D54B61009FC2B6 /* Granny_VisionTests.m */; };
		F9DA521F19D550DF009FC2B6 /* Relayr.framework in Frameworks */ = {isa = PBXBuildFile; fileRef = F9DA521A19D550BB009FC2B6 /* Relayr.framework */; };
		F9DA522019D550DF009FC2B6 /* Relayr.framework in Embed Frameworks */ = {isa = PBXBuildFile; fileRef = F9DA521A19D550BB009FC2B6 /* Relayr.framework */; settings = {ATTRIBUTES = (CodeSignOnCopy, RemoveHeadersOnCopy, ); }; };
		F9DA523F19D5613D009FC2B6 /* AppModule.m in Sources */ = {isa = PBXBuildFile; fileRef = F9DA523E19D5613D009FC2B6 /* AppModule.m */; };
		F9DA525919D5621B009FC2B6 /* JSObjectFactory.m in Sources */ = {isa = PBXBuildFile; fileRef = F9DA524319D5621B009FC2B6 /* JSObjectFactory.m */; };
		F9DA525A19D5621B009FC2B6 /* JSObjection.m in Sources */ = {isa = PBXBuildFile; fileRef = F9DA524519D5621B009FC2B6 /* JSObjection.m */; };
		F9DA525B19D5621B009FC2B6 /* JSObjectionBindingEntry.m in Sources */ = {isa = PBXBuildFile; fileRef = F9DA524719D5621B009FC2B6 /* JSObjectionBindingEntry.m */; };
		F9DA525C19D5621B009FC2B6 /* JSObjectionEntry.m in Sources */ = {isa = PBXBuildFile; fileRef = F9DA524919D5621B009FC2B6 /* JSObjectionEntry.m */; };
		F9DA525D19D5621B009FC2B6 /* JSObjectionInjector.m in Sources */ = {isa = PBXBuildFile; fileRef = F9DA524B19D5621B009FC2B6 /* JSObjectionInjector.m */; };
		F9DA525E19D5621B009FC2B6 /* JSObjectionInjectorEntry.m in Sources */ = {isa = PBXBuildFile; fileRef = F9DA524D19D5621B009FC2B6 /* JSObjectionInjectorEntry.m */; };
		F9DA525F19D5621B009FC2B6 /* JSObjectionModule.m in Sources */ = {isa = PBXBuildFile; fileRef = F9DA524F19D5621B009FC2B6 /* JSObjectionModule.m */; };
		F9DA526019D5621B009FC2B6 /* JSObjectionProviderEntry.m in Sources */ = {isa = PBXBuildFile; fileRef = F9DA525119D5621B009FC2B6 /* JSObjectionProviderEntry.m */; };
		F9DA526119D5621B009FC2B6 /* JSObjectionRuntimePropertyReflector.m in Sources */ = {isa = PBXBuildFile; fileRef = F9DA525319D5621B009FC2B6 /* JSObjectionRuntimePropertyReflector.m */; };
		F9DA526219D5621B009FC2B6 /* JSObjectionUtils.m in Sources */ = {isa = PBXBuildFile; fileRef = F9DA525519D5621B009FC2B6 /* JSObjectionUtils.m */; };
		F9DA526319D5621B009FC2B6 /* NSObject+Objection.m in Sources */ = {isa = PBXBuildFile; fileRef = F9DA525719D5621B009FC2B6 /* NSObject+Objection.m */; };
		F9DA526719D56368009FC2B6 /* WunderBarService.m in Sources */ = {isa = PBXBuildFile; fileRef = F9DA526619D56368009FC2B6 /* WunderBarService.m */; };
/* End PBXBuildFile section */

/* Begin PBXContainerItemProxy section */
		F9DA51B919D54B61009FC2B6 /* PBXContainerItemProxy */ = {
			isa = PBXContainerItemProxy;
			containerPortal = F9DA519719D54B61009FC2B6 /* Project object */;
			proxyType = 1;
			remoteGlobalIDString = F9DA519E19D54B61009FC2B6;
			remoteInfo = "Granny Vision";
		};
		F9DA521919D550BB009FC2B6 /* PBXContainerItemProxy */ = {
			isa = PBXContainerItemProxy;
			containerPortal = F9DA521219D550BA009FC2B6 /* RelayrSDK.xcodeproj */;
			proxyType = 2;
			remoteGlobalIDString = 6252F0B3199C2465002ECE4D;
			remoteInfo = iOSRelayr;
		};
		F9DA521B19D550BB009FC2B6 /* PBXContainerItemProxy */ = {
			isa = PBXContainerItemProxy;
			containerPortal = F9DA521219D550BA009FC2B6 /* RelayrSDK.xcodeproj */;
			proxyType = 2;
			remoteGlobalIDString = 6252F0E5199C2AFA002ECE4D;
			remoteInfo = OSXRelayr;
		};
		F9DA521D19D550BB009FC2B6 /* PBXContainerItemProxy */ = {
			isa = PBXContainerItemProxy;
			containerPortal = F9DA521219D550BA009FC2B6 /* RelayrSDK.xcodeproj */;
			proxyType = 2;
			remoteGlobalIDString = 62E41FC219C35B90008459B7;
			remoteInfo = Tests;
		};
		F9DA522119D550DF009FC2B6 /* PBXContainerItemProxy */ = {
			isa = PBXContainerItemProxy;
			containerPortal = F9DA521219D550BA009FC2B6 /* RelayrSDK.xcodeproj */;
			proxyType = 1;
			remoteGlobalIDString = 6252F0B2199C2465002ECE4D;
			remoteInfo = iOSRelayr;
		};
/* End PBXContainerItemProxy section */

/* Begin PBXCopyFilesBuildPhase section */
		F9DA51FE19D54E9F009FC2B6 /* Embed Frameworks */ = {
			isa = PBXCopyFilesBuildPhase;
			buildActionMask = 2147483647;
			dstPath = "";
			dstSubfolderSpec = 10;
			files = (
				F9DA522019D550DF009FC2B6 /* Relayr.framework in Embed Frameworks */,
			);
			name = "Embed Frameworks";
			runOnlyForDeploymentPostprocessing = 0;
		};
/* End PBXCopyFilesBuildPhase section */

/* Begin PBXFileReference section */
		F9DA519F19D54B61009FC2B6 /* Granny Vision.app */ = {isa = PBXFileReference; explicitFileType = wrapper.application; includeInIndex = 0; path = "Granny Vision.app"; sourceTree = BUILT_PRODUCTS_DIR; };
		F9DA51A319D54B61009FC2B6 /* Info.plist */ = {isa = PBXFileReference; lastKnownFileType = text.plist.xml; path = Info.plist; sourceTree = "<group>"; };
		F9DA51A419D54B61009FC2B6 /* main.m */ = {isa = PBXFileReference; lastKnownFileType = sourcecode.c.objc; path = main.m; sourceTree = "<group>"; };
		F9DA51A619D54B61009FC2B6 /* AppDelegate.h */ = {isa = PBXFileReference; lastKnownFileType = sourcecode.c.h; path = AppDelegate.h; sourceTree = "<group>"; };
		F9DA51A719D54B61009FC2B6 /* AppDelegate.m */ = {isa = PBXFileReference; lastKnownFileType = sourcecode.c.objc; path = AppDelegate.m; sourceTree = "<group>"; };
		F9DA51A919D54B61009FC2B6 /* ViewController.h */ = {isa = PBXFileReference; lastKnownFileType = sourcecode.c.h; path = ViewController.h; sourceTree = "<group>"; };
		F9DA51AA19D54B61009FC2B6 /* ViewController.m */ = {isa = PBXFileReference; lastKnownFileType = sourcecode.c.objc; path = ViewController.m; sourceTree = "<group>"; };
		F9DA51AD19D54B61009FC2B6 /* Base */ = {isa = PBXFileReference; lastKnownFileType = file.storyboard; name = Base; path = Base.lproj/Main.storyboard; sourceTree = "<group>"; };
		F9DA51AF19D54B61009FC2B6 /* Images.xcassets */ = {isa = PBXFileReference; lastKnownFileType = folder.assetcatalog; path = Images.xcassets; sourceTree = "<group>"; };
		F9DA51B219D54B61009FC2B6 /* Base */ = {isa = PBXFileReference; lastKnownFileType = file.xib; name = Base; path = Base.lproj/LaunchScreen.xib; sourceTree = "<group>"; };
		F9DA51B819D54B61009FC2B6 /* Granny VisionTests.xctest */ = {isa = PBXFileReference; explicitFileType = wrapper.cfbundle; includeInIndex = 0; path = "Granny VisionTests.xctest"; sourceTree = BUILT_PRODUCTS_DIR; };
		F9DA51BD19D54B61009FC2B6 /* Info.plist */ = {isa = PBXFileReference; lastKnownFileType = text.plist.xml; path = Info.plist; sourceTree = "<group>"; };
		F9DA51BE19D54B61009FC2B6 /* Granny_VisionTests.m */ = {isa = PBXFileReference; lastKnownFileType = sourcecode.c.objc; path = Granny_VisionTests.m; sourceTree = "<group>"; };
		F9DA521219D550BA009FC2B6 /* RelayrSDK.xcodeproj */ = {isa = PBXFileReference; lastKnownFileType = "wrapper.pb-project"; name = RelayrSDK.xcodeproj; path = "../../apple-sdk/RelayrSDK/RelayrSDK.xcodeproj"; sourceTree = "<group>"; };
		F9DA523D19D5613D009FC2B6 /* AppModule.h */ = {isa = PBXFileReference; fileEncoding = 4; lastKnownFileType = sourcecode.c.h; path = AppModule.h; sourceTree = "<group>"; };
		F9DA523E19D5613D009FC2B6 /* AppModule.m */ = {isa = PBXFileReference; fileEncoding = 4; lastKnownFileType = sourcecode.c.objc; path = AppModule.m; sourceTree = "<group>"; };
		F9DA524219D5621B009FC2B6 /* JSObjectFactory.h */ = {isa = PBXFileReference; fileEncoding = 4; lastKnownFileType = sourcecode.c.h; path = JSObjectFactory.h; sourceTree = "<group>"; };
		F9DA524319D5621B009FC2B6 /* JSObjectFactory.m */ = {isa = PBXFileReference; fileEncoding = 4; lastKnownFileType = sourcecode.c.objc; path = JSObjectFactory.m; sourceTree = "<group>"; };
		F9DA524419D5621B009FC2B6 /* JSObjection.h */ = {isa = PBXFileReference; fileEncoding = 4; lastKnownFileType = sourcecode.c.h; path = JSObjection.h; sourceTree = "<group>"; };
		F9DA524519D5621B009FC2B6 /* JSObjection.m */ = {isa = PBXFileReference; fileEncoding = 4; lastKnownFileType = sourcecode.c.objc; path = JSObjection.m; sourceTree = "<group>"; };
		F9DA524619D5621B009FC2B6 /* JSObjectionBindingEntry.h */ = {isa = PBXFileReference; fileEncoding = 4; lastKnownFileType = sourcecode.c.h; path = JSObjectionBindingEntry.h; sourceTree = "<group>"; };
		F9DA524719D5621B009FC2B6 /* JSObjectionBindingEntry.m */ = {isa = PBXFileReference; fileEncoding = 4; lastKnownFileType = sourcecode.c.objc; path = JSObjectionBindingEntry.m; sourceTree = "<group>"; };
		F9DA524819D5621B009FC2B6 /* JSObjectionEntry.h */ = {isa = PBXFileReference; fileEncoding = 4; lastKnownFileType = sourcecode.c.h; path = JSObjectionEntry.h; sourceTree = "<group>"; };
		F9DA524919D5621B009FC2B6 /* JSObjectionEntry.m */ = {isa = PBXFileReference; fileEncoding = 4; lastKnownFileType = sourcecode.c.objc; path = JSObjectionEntry.m; sourceTree = "<group>"; };
		F9DA524A19D5621B009FC2B6 /* JSObjectionInjector.h */ = {isa = PBXFileReference; fileEncoding = 4; lastKnownFileType = sourcecode.c.h; path = JSObjectionInjector.h; sourceTree = "<group>"; };
		F9DA524B19D5621B009FC2B6 /* JSObjectionInjector.m */ = {isa = PBXFileReference; fileEncoding = 4; lastKnownFileType = sourcecode.c.objc; path = JSObjectionInjector.m; sourceTree = "<group>"; };
		F9DA524C19D5621B009FC2B6 /* JSObjectionInjectorEntry.h */ = {isa = PBXFileReference; fileEncoding = 4; lastKnownFileType = sourcecode.c.h; path = JSObjectionInjectorEntry.h; sourceTree = "<group>"; };
		F9DA524D19D5621B009FC2B6 /* JSObjectionInjectorEntry.m */ = {isa = PBXFileReference; fileEncoding = 4; lastKnownFileType = sourcecode.c.objc; path = JSObjectionInjectorEntry.m; sourceTree = "<group>"; };
		F9DA524E19D5621B009FC2B6 /* JSObjectionModule.h */ = {isa = PBXFileReference; fileEncoding = 4; lastKnownFileType = sourcecode.c.h; path = JSObjectionModule.h; sourceTree = "<group>"; };
		F9DA524F19D5621B009FC2B6 /* JSObjectionModule.m */ = {isa = PBXFileReference; fileEncoding = 4; lastKnownFileType = sourcecode.c.objc; path = JSObjectionModule.m; sourceTree = "<group>"; };
		F9DA525019D5621B009FC2B6 /* JSObjectionProviderEntry.h */ = {isa = PBXFileReference; fileEncoding = 4; lastKnownFileType = sourcecode.c.h; path = JSObjectionProviderEntry.h; sourceTree = "<group>"; };
		F9DA525119D5621B009FC2B6 /* JSObjectionProviderEntry.m */ = {isa = PBXFileReference; fileEncoding = 4; lastKnownFileType = sourcecode.c.objc; path = JSObjectionProviderEntry.m; sourceTree = "<group>"; };
		F9DA525219D5621B009FC2B6 /* JSObjectionRuntimePropertyReflector.h */ = {isa = PBXFileReference; fileEncoding = 4; lastKnownFileType = sourcecode.c.h; path = JSObjectionRuntimePropertyReflector.h; sourceTree = "<group>"; };
		F9DA525319D5621B009FC2B6 /* JSObjectionRuntimePropertyReflector.m */ = {isa = PBXFileReference; fileEncoding = 4; lastKnownFileType = sourcecode.c.objc; path = JSObjectionRuntimePropertyReflector.m; sourceTree = "<group>"; };
		F9DA525419D5621B009FC2B6 /* JSObjectionUtils.h */ = {isa = PBXFileReference; fileEncoding = 4; lastKnownFileType = sourcecode.c.h; path = JSObjectionUtils.h; sourceTree = "<group>"; };
		F9DA525519D5621B009FC2B6 /* JSObjectionUtils.m */ = {isa = PBXFileReference; fileEncoding = 4; lastKnownFileType = sourcecode.c.objc; path = JSObjectionUtils.m; sourceTree = "<group>"; };
		F9DA525619D5621B009FC2B6 /* NSObject+Objection.h */ = {isa = PBXFileReference; fileEncoding = 4; lastKnownFileType = sourcecode.c.h; path = "NSObject+Objection.h"; sourceTree = "<group>"; };
		F9DA525719D5621B009FC2B6 /* NSObject+Objection.m */ = {isa = PBXFileReference; fileEncoding = 4; lastKnownFileType = sourcecode.c.objc; path = "NSObject+Objection.m"; sourceTree = "<group>"; };
		F9DA525819D5621B009FC2B6 /* Objection.h */ = {isa = PBXFileReference; fileEncoding = 4; lastKnownFileType = sourcecode.c.h; path = Objection.h; sourceTree = "<group>"; };
		F9DA526419D562FB009FC2B6 /* P_WunderBarService.h */ = {isa = PBXFileReference; lastKnownFileType = sourcecode.c.h; path = P_WunderBarService.h; sourceTree = "<group>"; };
		F9DA526519D56368009FC2B6 /* WunderBarService.h */ = {isa = PBXFileReference; fileEncoding = 4; lastKnownFileType = sourcecode.c.h; path = WunderBarService.h; sourceTree = "<group>"; };
		F9DA526619D56368009FC2B6 /* WunderBarService.m */ = {isa = PBXFileReference; fileEncoding = 4; lastKnownFileType = sourcecode.c.objc; path = WunderBarService.m; sourceTree = "<group>"; };
/* End PBXFileReference section */

/* Begin PBXFrameworksBuildPhase section */
		F9DA519C19D54B61009FC2B6 /* Frameworks */ = {
			isa = PBXFrameworksBuildPhase;
			buildActionMask = 2147483647;
			files = (
				F9DA521F19D550DF009FC2B6 /* Relayr.framework in Frameworks */,
			);
			runOnlyForDeploymentPostprocessing = 0;
		};
		F9DA51B519D54B61009FC2B6 /* Frameworks */ = {
			isa = PBXFrameworksBuildPhase;
			buildActionMask = 2147483647;
			files = (
			);
			runOnlyForDeploymentPostprocessing = 0;
		};
/* End PBXFrameworksBuildPhase section */

/* Begin PBXGroup section */
		F9DA519619D54B61009FC2B6 = {
			isa = PBXGroup;
			children = (
				F9DA51D419D54C3C009FC2B6 /* Frameworks */,
				F9DA51A119D54B61009FC2B6 /* Granny Vision */,
				F9DA51BB19D54B61009FC2B6 /* Granny VisionTests */,
				F9DA51A019D54B61009FC2B6 /* Products */,
			);
			sourceTree = "<group>";
		};
		F9DA51A019D54B61009FC2B6 /* Products */ = {
			isa = PBXGroup;
			children = (
				F9DA519F19D54B61009FC2B6 /* Granny Vision.app */,
				F9DA51B819D54B61009FC2B6 /* Granny VisionTests.xctest */,
			);
			name = Products;
			sourceTree = "<group>";
		};
		F9DA51A119D54B61009FC2B6 /* Granny Vision */ = {
			isa = PBXGroup;
			children = (
				F9DA524019D5621B009FC2B6 /* lib */,
				F9DA51A619D54B61009FC2B6 /* AppDelegate.h */,
				F9DA51A719D54B61009FC2B6 /* AppDelegate.m */,
				F9DA51A919D54B61009FC2B6 /* ViewController.h */,
				F9DA51AA19D54B61009FC2B6 /* ViewController.m */,
				F9DA51AC19D54B61009FC2B6 /* Main.storyboard */,
				F9DA51AF19D54B61009FC2B6 /* Images.xcassets */,
				F9DA51B119D54B61009FC2B6 /* LaunchScreen.xib */,
				F9DA51A219D54B61009FC2B6 /* Supporting Files */,
				F9DA523D19D5613D009FC2B6 /* AppModule.h */,
				F9DA523E19D5613D009FC2B6 /* AppModule.m */,
				F9DA526419D562FB009FC2B6 /* P_WunderBarService.h */,
				F9DA526519D56368009FC2B6 /* WunderBarService.h */,
				F9DA526619D56368009FC2B6 /* WunderBarService.m */,
			);
			path = "Granny Vision";
			sourceTree = "<group>";
		};
		F9DA51A219D54B61009FC2B6 /* Supporting Files */ = {
			isa = PBXGroup;
			children = (
				F9DA51A319D54B61009FC2B6 /* Info.plist */,
				F9DA51A419D54B61009FC2B6 /* main.m */,
			);
			name = "Supporting Files";
			sourceTree = "<group>";
		};
		F9DA51BB19D54B61009FC2B6 /* Granny VisionTests */ = {
			isa = PBXGroup;
			children = (
				F9DA51BE19D54B61009FC2B6 /* Granny_VisionTests.m */,
				F9DA51BC19D54B61009FC2B6 /* Supporting Files */,
			);
			path = "Granny VisionTests";
			sourceTree = "<group>";
		};
		F9DA51BC19D54B61009FC2B6 /* Supporting Files */ = {
			isa = PBXGroup;
			children = (
				F9DA51BD19D54B61009FC2B6 /* Info.plist */,
			);
			name = "Supporting Files";
			sourceTree = "<group>";
		};
		F9DA51D419D54C3C009FC2B6 /* Frameworks */ = {
			isa = PBXGroup;
			children = (
				F9DA521219D550BA009FC2B6 /* RelayrSDK.xcodeproj */,
			);
			name = Frameworks;
			sourceTree = "<group>";
		};
		F9DA521319D550BA009FC2B6 /* Products */ = {
			isa = PBXGroup;
			children = (
				F9DA521A19D550BB009FC2B6 /* Relayr.framework */,
				F9DA521C19D550BB009FC2B6 /* Relayr.framework */,
				F9DA521E19D550BB009FC2B6 /* Tests.xctest */,
			);
			name = Products;
			sourceTree = "<group>";
		};
		F9DA524019D5621B009FC2B6 /* lib */ = {
			isa = PBXGroup;
			children = (
				F9DA524119D5621B009FC2B6 /* objection */,
			);
			path = lib;
			sourceTree = "<group>";
		};
		F9DA524119D5621B009FC2B6 /* objection */ = {
			isa = PBXGroup;
			children = (
				F9DA524219D5621B009FC2B6 /* JSObjectFactory.h */,
				F9DA524319D5621B009FC2B6 /* JSObjectFactory.m */,
				F9DA524419D5621B009FC2B6 /* JSObjection.h */,
				F9DA524519D5621B009FC2B6 /* JSObjection.m */,
				F9DA524619D5621B009FC2B6 /* JSObjectionBindingEntry.h */,
				F9DA524719D5621B009FC2B6 /* JSObjectionBindingEntry.m */,
				F9DA524819D5621B009FC2B6 /* JSObjectionEntry.h */,
				F9DA524919D5621B009FC2B6 /* JSObjectionEntry.m */,
				F9DA524A19D5621B009FC2B6 /* JSObjectionInjector.h */,
				F9DA524B19D5621B009FC2B6 /* JSObjectionInjector.m */,
				F9DA524C19D5621B009FC2B6 /* JSObjectionInjectorEntry.h */,
				F9DA524D19D5621B009FC2B6 /* JSObjectionInjectorEntry.m */,
				F9DA524E19D5621B009FC2B6 /* JSObjectionModule.h */,
				F9DA524F19D5621B009FC2B6 /* JSObjectionModule.m */,
				F9DA525019D5621B009FC2B6 /* JSObjectionProviderEntry.h */,
				F9DA525119D5621B009FC2B6 /* JSObjectionProviderEntry.m */,
				F9DA525219D5621B009FC2B6 /* JSObjectionRuntimePropertyReflector.h */,
				F9DA525319D5621B009FC2B6 /* JSObjectionRuntimePropertyReflector.m */,
				F9DA525419D5621B009FC2B6 /* JSObjectionUtils.h */,
				F9DA525519D5621B009FC2B6 /* JSObjectionUtils.m */,
				F9DA525619D5621B009FC2B6 /* NSObject+Objection.h */,
				F9DA525719D5621B009FC2B6 /* NSObject+Objection.m */,
				F9DA525819D5621B009FC2B6 /* Objection.h */,
			);
			path = objection;
			sourceTree = "<group>";
		};
/* End PBXGroup section */

/* Begin PBXNativeTarget section */
		F9DA519E19D54B61009FC2B6 /* Granny Vision */ = {
			isa = PBXNativeTarget;
			buildConfigurationList = F9DA51C219D54B61009FC2B6 /* Build configuration list for PBXNativeTarget "Granny Vision" */;
			buildPhases = (
				F9DA519B19D54B61009FC2B6 /* Sources */,
				F9DA519C19D54B61009FC2B6 /* Frameworks */,
				F9DA519D19D54B61009FC2B6 /* Resources */,
				F9DA51FE19D54E9F009FC2B6 /* Embed Frameworks */,
			);
			buildRules = (
			);
			dependencies = (
				F9DA522219D550DF009FC2B6 /* PBXTargetDependency */,
			);
			name = "Granny Vision";
			productName = "Granny Vision";
			productReference = F9DA519F19D54B61009FC2B6 /* Granny Vision.app */;
			productType = "com.apple.product-type.application";
		};
		F9DA51B719D54B61009FC2B6 /* Granny VisionTests */ = {
			isa = PBXNativeTarget;
			buildConfigurationList = F9DA51C519D54B61009FC2B6 /* Build configuration list for PBXNativeTarget "Granny VisionTests" */;
			buildPhases = (
				F9DA51B419D54B61009FC2B6 /* Sources */,
				F9DA51B519D54B61009FC2B6 /* Frameworks */,
				F9DA51B619D54B61009FC2B6 /* Resources */,
			);
			buildRules = (
			);
			dependencies = (
				F9DA51BA19D54B61009FC2B6 /* PBXTargetDependency */,
			);
			name = "Granny VisionTests";
			productName = "Granny VisionTests";
			productReference = F9DA51B819D54B61009FC2B6 /* Granny VisionTests.xctest */;
			productType = "com.apple.product-type.bundle.unit-test";
		};
/* End PBXNativeTarget section */

/* Begin PBXProject section */
		F9DA519719D54B61009FC2B6 /* Project object */ = {
			isa = PBXProject;
			attributes = {
				LastUpgradeCheck = 0600;
				ORGANIZATIONNAME = "hedonistic enthusiasts";
				TargetAttributes = {
					F9DA519E19D54B61009FC2B6 = {
						CreatedOnToolsVersion = 6.0.1;
						DevelopmentTeam = 56ETNADXPZ;
					};
					F9DA51B719D54B61009FC2B6 = {
						CreatedOnToolsVersion = 6.0.1;
						TestTargetID = F9DA519E19D54B61009FC2B6;
					};
				};
			};
			buildConfigurationList = F9DA519A19D54B61009FC2B6 /* Build configuration list for PBXProject "Granny Vision" */;
			compatibilityVersion = "Xcode 3.2";
			developmentRegion = English;
			hasScannedForEncodings = 0;
			knownRegions = (
				en,
				Base,
			);
			mainGroup = F9DA519619D54B61009FC2B6;
			productRefGroup = F9DA51A019D54B61009FC2B6 /* Products */;
			projectDirPath = "";
			projectReferences = (
				{
					ProductGroup = F9DA521319D550BA009FC2B6 /* Products */;
					ProjectRef = F9DA521219D550BA009FC2B6 /* RelayrSDK.xcodeproj */;
				},
			);
			projectRoot = "";
			targets = (
				F9DA519E19D54B61009FC2B6 /* Granny Vision */,
				F9DA51B719D54B61009FC2B6 /* Granny VisionTests */,
			);
		};
/* End PBXProject section */

/* Begin PBXReferenceProxy section */
		F9DA521A19D550BB009FC2B6 /* Relayr.framework */ = {
			isa = PBXReferenceProxy;
			fileType = wrapper.framework;
			path = Relayr.framework;
			remoteRef = F9DA521919D550BB009FC2B6 /* PBXContainerItemProxy */;
			sourceTree = BUILT_PRODUCTS_DIR;
		};
		F9DA521C19D550BB009FC2B6 /* Relayr.framework */ = {
			isa = PBXReferenceProxy;
			fileType = wrapper.framework;
			path = Relayr.framework;
			remoteRef = F9DA521B19D550BB009FC2B6 /* PBXContainerItemProxy */;
			sourceTree = BUILT_PRODUCTS_DIR;
		};
		F9DA521E19D550BB009FC2B6 /* Tests.xctest */ = {
			isa = PBXReferenceProxy;
			fileType = wrapper.cfbundle;
			path = Tests.xctest;
			remoteRef = F9DA521D19D550BB009FC2B6 /* PBXContainerItemProxy */;
			sourceTree = BUILT_PRODUCTS_DIR;
		};
/* End PBXReferenceProxy section */

/* Begin PBXResourcesBuildPhase section */
		F9DA519D19D54B61009FC2B6 /* Resources */ = {
			isa = PBXResourcesBuildPhase;
			buildActionMask = 2147483647;
			files = (
				F9DA51AE19D54B61009FC2B6 /* Main.storyboard in Resources */,
				F9DA51B319D54B61009FC2B6 /* LaunchScreen.xib in Resources */,
				F9DA51B019D54B61009FC2B6 /* Images.xcassets in Resources */,
			);
			runOnlyForDeploymentPostprocessing = 0;
		};
		F9DA51B619D54B61009FC2B6 /* Resources */ = {
			isa = PBXResourcesBuildPhase;
			buildActionMask = 2147483647;
			files = (
			);
			runOnlyForDeploymentPostprocessing = 0;
		};
/* End PBXResourcesBuildPhase section */

/* Begin PBXSourcesBuildPhase section */
		F9DA519B19D54B61009FC2B6 /* Sources */ = {
			isa = PBXSourcesBuildPhase;
			buildActionMask = 2147483647;
			files = (
				F9DA526019D5621B009FC2B6 /* JSObjectionProviderEntry.m in Sources */,
				F9DA51AB19D54B61009FC2B6 /* ViewController.m in Sources */,
				F9DA525C19D5621B009FC2B6 /* JSObjectionEntry.m in Sources */,
				F9DA526319D5621B009FC2B6 /* NSObject+Objection.m in Sources */,
				F9DA526119D5621B009FC2B6 /* JSObjectionRuntimePropertyReflector.m in Sources */,
				F9DA523F19D5613D009FC2B6 /* AppModule.m in Sources */,
				F9DA525A19D5621B009FC2B6 /* JSObjection.m in Sources */,
				F9DA526219D5621B009FC2B6 /* JSObjectionUtils.m in Sources */,
				F9DA526719D56368009FC2B6 /* WunderBarService.m in Sources */,
				F9DA525B19D5621B009FC2B6 /* JSObjectionBindingEntry.m in Sources */,
				F9DA525919D5621B009FC2B6 /* JSObjectFactory.m in Sources */,
				F9DA51A819D54B61009FC2B6 /* AppDelegate.m in Sources */,
				F9DA525F19D5621B009FC2B6 /* JSObjectionModule.m in Sources */,
				F9DA525E19D5621B009FC2B6 /* JSObjectionInjectorEntry.m in Sources */,
				F9DA51A519D54B61009FC2B6 /* main.m in Sources */,
				F9DA525D19D5621B009FC2B6 /* JSObjectionInjector.m in Sources */,
			);
			runOnlyForDeploymentPostprocessing = 0;
		};
		F9DA51B419D54B61009FC2B6 /* Sources */ = {
			isa = PBXSourcesBuildPhase;
			buildActionMask = 2147483647;
			files = (
				F9DA51BF19D54B61009FC2B6 /* Granny_VisionTests.m in Sources */,
			);
			runOnlyForDeploymentPostprocessing = 0;
		};
/* End PBXSourcesBuildPhase section */

/* Begin PBXTargetDependency section */
		F9DA51BA19D54B61009FC2B6 /* PBXTargetDependency */ = {
			isa = PBXTargetDependency;
			target = F9DA519E19D54B61009FC2B6 /* Granny Vision */;
			targetProxy = F9DA51B919D54B61009FC2B6 /* PBXContainerItemProxy */;
		};
		F9DA522219D550DF009FC2B6 /* PBXTargetDependency */ = {
			isa = PBXTargetDependency;
			name = iOSRelayr;
			targetProxy = F9DA522119D550DF009FC2B6 /* PBXContainerItemProxy */;
		};
/* End PBXTargetDependency section */

/* Begin PBXVariantGroup section */
		F9DA51AC19D54B61009FC2B6 /* Main.storyboard */ = {
			isa = PBXVariantGroup;
			children = (
				F9DA51AD19D54B61009FC2B6 /* Base */,
			);
			name = Main.storyboard;
			sourceTree = "<group>";
		};
		F9DA51B119D54B61009FC2B6 /* LaunchScreen.xib */ = {
			isa = PBXVariantGroup;
			children = (
				F9DA51B219D54B61009FC2B6 /* Base */,
			);
			name = LaunchScreen.xib;
			sourceTree = "<group>";
		};
/* End PBXVariantGroup section */

/* Begin XCBuildConfiguration section */
		F9DA51C019D54B61009FC2B6 /* Debug */ = {
			isa = XCBuildConfiguration;
			buildSettings = {
				ALWAYS_SEARCH_USER_PATHS = NO;
				CLANG_CXX_LANGUAGE_STANDARD = "gnu++0x";
				CLANG_CXX_LIBRARY = "libc++";
				CLANG_ENABLE_MODULES = YES;
				CLANG_ENABLE_OBJC_ARC = YES;
				CLANG_WARN_BOOL_CONVERSION = YES;
				CLANG_WARN_CONSTANT_CONVERSION = YES;
				CLANG_WARN_DIRECT_OBJC_ISA_USAGE = YES_ERROR;
				CLANG_WARN_EMPTY_BODY = YES;
				CLANG_WARN_ENUM_CONVERSION = YES;
				CLANG_WARN_INT_CONVERSION = YES;
				CLANG_WARN_OBJC_ROOT_CLASS = YES_ERROR;
				CLANG_WARN_UNREACHABLE_CODE = YES;
				CLANG_WARN__DUPLICATE_METHOD_MATCH = YES;
				"CODE_SIGN_IDENTITY[sdk=iphoneos*]" = "iPhone Distribution: orderbird AG";
				COPY_PHASE_STRIP = NO;
				ENABLE_STRICT_OBJC_MSGSEND = YES;
				GCC_C_LANGUAGE_STANDARD = gnu99;
				GCC_DYNAMIC_NO_PIC = NO;
				GCC_OPTIMIZATION_LEVEL = 0;
				GCC_PREPROCESSOR_DEFINITIONS = (
					"DEBUG=1",
					"$(inherited)",
				);
				GCC_SYMBOLS_PRIVATE_EXTERN = NO;
				GCC_WARN_64_TO_32_BIT_CONVERSION = YES;
				GCC_WARN_ABOUT_RETURN_TYPE = YES_ERROR;
				GCC_WARN_UNDECLARED_SELECTOR = YES;
				GCC_WARN_UNINITIALIZED_AUTOS = YES_AGGRESSIVE;
				GCC_WARN_UNUSED_FUNCTION = YES;
				GCC_WARN_UNUSED_VARIABLE = YES;
				IPHONEOS_DEPLOYMENT_TARGET = 8.0;
				MTL_ENABLE_DEBUG_INFO = YES;
				ONLY_ACTIVE_ARCH = YES;
				SDKROOT = iphoneos;
			};
			name = Debug;
		};
		F9DA51C119D54B61009FC2B6 /* Release */ = {
			isa = XCBuildConfiguration;
			buildSettings = {
				ALWAYS_SEARCH_USER_PATHS = NO;
				CLANG_CXX_LANGUAGE_STANDARD = "gnu++0x";
				CLANG_CXX_LIBRARY = "libc++";
				CLANG_ENABLE_MODULES = YES;
				CLANG_ENABLE_OBJC_ARC = YES;
				CLANG_WARN_BOOL_CONVERSION = YES;
				CLANG_WARN_CONSTANT_CONVERSION = YES;
				CLANG_WARN_DIRECT_OBJC_ISA_USAGE = YES_ERROR;
				CLANG_WARN_EMPTY_BODY = YES;
				CLANG_WARN_ENUM_CONVERSION = YES;
				CLANG_WARN_INT_CONVERSION = YES;
				CLANG_WARN_OBJC_ROOT_CLASS = YES_ERROR;
				CLANG_WARN_UNREACHABLE_CODE = YES;
				CLANG_WARN__DUPLICATE_METHOD_MATCH = YES;
				"CODE_SIGN_IDENTITY[sdk=iphoneos*]" = "iPhone Distribution: orderbird AG";
				COPY_PHASE_STRIP = YES;
				ENABLE_NS_ASSERTIONS = NO;
				ENABLE_STRICT_OBJC_MSGSEND = YES;
				GCC_C_LANGUAGE_STANDARD = gnu99;
				GCC_WARN_64_TO_32_BIT_CONVERSION = YES;
				GCC_WARN_ABOUT_RETURN_TYPE = YES_ERROR;
				GCC_WARN_UNDECLARED_SELECTOR = YES;
				GCC_WARN_UNINITIALIZED_AUTOS = YES_AGGRESSIVE;
				GCC_WARN_UNUSED_FUNCTION = YES;
				GCC_WARN_UNUSED_VARIABLE = YES;
				IPHONEOS_DEPLOYMENT_TARGET = 8.0;
				MTL_ENABLE_DEBUG_INFO = NO;
				SDKROOT = iphoneos;
				VALIDATE_PRODUCT = YES;
			};
			name = Release;
		};
		F9DA51C319D54B61009FC2B6 /* Debug */ = {
			isa = XCBuildConfiguration;
			buildSettings = {
				ASSETCATALOG_COMPILER_APPICON_NAME = AppIcon;
				CODE_SIGN_IDENTITY = "iPhone Developer";
				INFOPLIST_FILE = "Granny Vision/Info.plist";
				LD_RUNPATH_SEARCH_PATHS = "$(inherited) @executable_path/Frameworks";
				PRODUCT_NAME = "$(TARGET_NAME)";
			};
			name = Debug;
		};
		F9DA51C419D54B61009FC2B6 /* Release */ = {
			isa = XCBuildConfiguration;
			buildSettings = {
				ASSETCATALOG_COMPILER_APPICON_NAME = AppIcon;
				CODE_SIGN_IDENTITY = "iPhone Developer";
				INFOPLIST_FILE = "Granny Vision/Info.plist";
				LD_RUNPATH_SEARCH_PATHS = "$(inherited) @executable_path/Frameworks";
				PRODUCT_NAME = "$(TARGET_NAME)";
			};
			name = Release;
		};
		F9DA51C619D54B61009FC2B6 /* Debug */ = {
			isa = XCBuildConfiguration;
			buildSettings = {
				BUNDLE_LOADER = "$(TEST_HOST)";
				FRAMEWORK_SEARCH_PATHS = (
					"$(SDKROOT)/Developer/Library/Frameworks",
					"$(inherited)",
				);
				GCC_PREPROCESSOR_DEFINITIONS = (
					"DEBUG=1",
					"$(inherited)",
				);
				INFOPLIST_FILE = "Granny VisionTests/Info.plist";
				LD_RUNPATH_SEARCH_PATHS = "$(inherited) @executable_path/Frameworks @loader_path/Frameworks";
				PRODUCT_NAME = "$(TARGET_NAME)";
				TEST_HOST = "$(BUILT_PRODUCTS_DIR)/Granny Vision.app/Granny Vision";
			};
			name = Debug;
		};
		F9DA51C719D54B61009FC2B6 /* Release */ = {
			isa = XCBuildConfiguration;
			buildSettings = {
				BUNDLE_LOADER = "$(TEST_HOST)";
				FRAMEWORK_SEARCH_PATHS = (
					"$(SDKROOT)/Developer/Library/Frameworks",
					"$(inherited)",
				);
				INFOPLIST_FILE = "Granny VisionTests/Info.plist";
				LD_RUNPATH_SEARCH_PATHS = "$(inherited) @executable_path/Frameworks @loader_path/Frameworks";
				PRODUCT_NAME = "$(TARGET_NAME)";
				TEST_HOST = "$(BUILT_PRODUCTS_DIR)/Granny Vision.app/Granny Vision";
			};
			name = Release;
		};
/* End XCBuildConfiguration section */

/* Begin XCConfigurationList section */
		F9DA519A19D54B61009FC2B6 /* Build configuration list for PBXProject "Granny Vision" */ = {
			isa = XCConfigurationList;
			buildConfigurations = (
				F9DA51C019D54B61009FC2B6 /* Debug */,
				F9DA51C119D54B61009FC2B6 /* Release */,
			);
			defaultConfigurationIsVisible = 0;
			defaultConfigurationName = Release;
		};
		F9DA51C219D54B61009FC2B6 /* Build configuration list for PBXNativeTarget "Granny Vision" */ = {
			isa = XCConfigurationList;
			buildConfigurations = (
				F9DA51C319D54B61009FC2B6 /* Debug */,
				F9DA51C419D54B61009FC2B6 /* Release */,
			);
			defaultConfigurationIsVisible = 0;
			defaultConfigurationName = Release;
		};
		F9DA51C519D54B61009FC2B6 /* Build configuration list for PBXNativeTarget "Granny VisionTests" */ = {
			isa = XCConfigurationList;
			buildConfigurations = (
				F9DA51C619D54B61009FC2B6 /* Debug */,
				F9DA51C719D54B61009FC2B6 /* Release */,
			);
			defaultConfigurationIsVisible = 0;
			defaultConfigurationName = Release;
		};
/* End XCConfigurationList section */
	};
	rootObject = F9DA519719D54B61009FC2B6 /* Project object */;
}
